// !$*UTF8*$!
{
	archiveVersion = 1;
	classes = {
	};
	objectVersion = 50;
	objects = {

/* Begin PBXBuildFile section */
		DFD9F515249A5B4C009B2947 /* AppDelegate.m in Sources */ = {isa = PBXBuildFile; fileRef = DFD9F514249A5B4C009B2947 /* AppDelegate.m */; };
		DFD9F518249A5B4C009B2947 /* ViewController.m in Sources */ = {isa = PBXBuildFile; fileRef = DFD9F517249A5B4C009B2947 /* ViewController.m */; };
		DFD9F51B249A5B4C009B2947 /* Main.storyboard in Resources */ = {isa = PBXBuildFile; fileRef = DFD9F519249A5B4C009B2947 /* Main.storyboard */; };
		DFD9F51D249A5B4E009B2947 /* Assets.xcassets in Resources */ = {isa = PBXBuildFile; fileRef = DFD9F51C249A5B4E009B2947 /* Assets.xcassets */; };
		DFD9F520249A5B4E009B2947 /* LaunchScreen.storyboard in Resources */ = {isa = PBXBuildFile; fileRef = DFD9F51E249A5B4E009B2947 /* LaunchScreen.storyboard */; };
		DFD9F523249A5B4E009B2947 /* main.m in Sources */ = {isa = PBXBuildFile; fileRef = DFD9F522249A5B4E009B2947 /* main.m */; };
/* End PBXBuildFile section */

/* Begin PBXFileReference section */
		DFD9F510249A5B4C009B2947 /* PLCR-tvos.app */ = {isa = PBXFileReference; explicitFileType = wrapper.application; includeInIndex = 0; path = "PLCR-tvos.app"; sourceTree = BUILT_PRODUCTS_DIR; };
		DFD9F513249A5B4C009B2947 /* AppDelegate.h */ = {isa = PBXFileReference; lastKnownFileType = sourcecode.c.h; path = AppDelegate.h; sourceTree = "<group>"; };
		DFD9F514249A5B4C009B2947 /* AppDelegate.m */ = {isa = PBXFileReference; lastKnownFileType = sourcecode.c.objc; path = AppDelegate.m; sourceTree = "<group>"; };
		DFD9F516249A5B4C009B2947 /* ViewController.h */ = {isa = PBXFileReference; lastKnownFileType = sourcecode.c.h; path = ViewController.h; sourceTree = "<group>"; };
		DFD9F517249A5B4C009B2947 /* ViewController.m */ = {isa = PBXFileReference; lastKnownFileType = sourcecode.c.objc; path = ViewController.m; sourceTree = "<group>"; };
		DFD9F51A249A5B4C009B2947 /* Base */ = {isa = PBXFileReference; lastKnownFileType = file.storyboard; name = Base; path = Base.lproj/Main.storyboard; sourceTree = "<group>"; };
		DFD9F51C249A5B4E009B2947 /* Assets.xcassets */ = {isa = PBXFileReference; lastKnownFileType = folder.assetcatalog; path = Assets.xcassets; sourceTree = "<group>"; };
		DFD9F51F249A5B4E009B2947 /* Base */ = {isa = PBXFileReference; lastKnownFileType = file.storyboard; name = Base; path = Base.lproj/LaunchScreen.storyboard; sourceTree = "<group>"; };
		DFD9F521249A5B4E009B2947 /* Info.plist */ = {isa = PBXFileReference; lastKnownFileType = text.plist.xml; path = Info.plist; sourceTree = "<group>"; };
		DFD9F522249A5B4E009B2947 /* main.m */ = {isa = PBXFileReference; lastKnownFileType = sourcecode.c.objc; path = main.m; sourceTree = "<group>"; };
/* End PBXFileReference section */

/* Begin PBXFrameworksBuildPhase section */
		DFD9F50D249A5B4C009B2947 /* Frameworks */ = {
			isa = PBXFrameworksBuildPhase;
			buildActionMask = 2147483647;
			files = (
			);
			runOnlyForDeploymentPostprocessing = 0;
		};
/* End PBXFrameworksBuildPhase section */

/* Begin PBXGroup section */
		DFD9F507249A5B4C009B2947 = {
			isa = PBXGroup;
			children = (
				DFD9F512249A5B4C009B2947 /* PLCR-tvos */,
				DFD9F511249A5B4C009B2947 /* Products */,
			);
			sourceTree = "<group>";
		};
		DFD9F511249A5B4C009B2947 /* Products */ = {
			isa = PBXGroup;
			children = (
				DFD9F510249A5B4C009B2947 /* PLCR-tvos.app */,
			);
			name = Products;
			sourceTree = "<group>";
		};
		DFD9F512249A5B4C009B2947 /* PLCR-tvos */ = {
			isa = PBXGroup;
			children = (
				DFD9F513249A5B4C009B2947 /* AppDelegate.h */,
				DFD9F514249A5B4C009B2947 /* AppDelegate.m */,
				DFD9F516249A5B4C009B2947 /* ViewController.h */,
				DFD9F517249A5B4C009B2947 /* ViewController.m */,
				DFD9F519249A5B4C009B2947 /* Main.storyboard */,
				DFD9F51C249A5B4E009B2947 /* Assets.xcassets */,
				DFD9F51E249A5B4E009B2947 /* LaunchScreen.storyboard */,
				DFD9F521249A5B4E009B2947 /* Info.plist */,
				DFD9F522249A5B4E009B2947 /* main.m */,
			);
			path = "PLCR-tvos";
			sourceTree = "<group>";
		};
/* End PBXGroup section */

/* Begin PBXNativeTarget section */
		DFD9F50F249A5B4C009B2947 /* PLCR-tvos */ = {
			isa = PBXNativeTarget;
			buildConfigurationList = DFD9F526249A5B4E009B2947 /* Build configuration list for PBXNativeTarget "PLCR-tvos" */;
			buildPhases = (
				DFD9F50C249A5B4C009B2947 /* Sources */,
				DFD9F50D249A5B4C009B2947 /* Frameworks */,
				DFD9F50E249A5B4C009B2947 /* Resources */,
			);
			buildRules = (
			);
			dependencies = (
			);
			name = "PLCR-tvos";
			productName = "PLCR-tvos";
			productReference = DFD9F510249A5B4C009B2947 /* PLCR-tvos.app */;
			productType = "com.apple.product-type.application";
		};
/* End PBXNativeTarget section */

/* Begin PBXProject section */
		DFD9F508249A5B4C009B2947 /* Project object */ = {
			isa = PBXProject;
			attributes = {
				LastUpgradeCheck = 1150;
				ORGANIZATIONNAME = "Ruslan Urmeev";
				TargetAttributes = {
					DFD9F50F249A5B4C009B2947 = {
						CreatedOnToolsVersion = 11.5;
					};
				};
			};
			buildConfigurationList = DFD9F50B249A5B4C009B2947 /* Build configuration list for PBXProject "PLCR-tvos" */;
			compatibilityVersion = "Xcode 9.3";
			developmentRegion = en;
			hasScannedForEncodings = 0;
			knownRegions = (
				en,
				Base,
			);
			mainGroup = DFD9F507249A5B4C009B2947;
			productRefGroup = DFD9F511249A5B4C009B2947 /* Products */;
			projectDirPath = "";
			projectRoot = "";
			targets = (
				DFD9F50F249A5B4C009B2947 /* PLCR-tvos */,
			);
		};
/* End PBXProject section */

/* Begin PBXResourcesBuildPhase section */
		DFD9F50E249A5B4C009B2947 /* Resources */ = {
			isa = PBXResourcesBuildPhase;
			buildActionMask = 2147483647;
			files = (
				DFD9F520249A5B4E009B2947 /* LaunchScreen.storyboard in Resources */,
				DFD9F51D249A5B4E009B2947 /* Assets.xcassets in Resources */,
				DFD9F51B249A5B4C009B2947 /* Main.storyboard in Resources */,
			);
			runOnlyForDeploymentPostprocessing = 0;
		};
/* End PBXResourcesBuildPhase section */

/* Begin PBXSourcesBuildPhase section */
		DFD9F50C249A5B4C009B2947 /* Sources */ = {
			isa = PBXSourcesBuildPhase;
			buildActionMask = 2147483647;
			files = (
				DFD9F518249A5B4C009B2947 /* ViewController.m in Sources */,
				DFD9F523249A5B4E009B2947 /* main.m in Sources */,
				DFD9F515249A5B4C009B2947 /* AppDelegate.m in Sources */,
			);
			runOnlyForDeploymentPostprocessing = 0;
		};
/* End PBXSourcesBuildPhase section */

/* Begin PBXVariantGroup section */
		DFD9F519249A5B4C009B2947 /* Main.storyboard */ = {
			isa = PBXVariantGroup;
			children = (
				DFD9F51A249A5B4C009B2947 /* Base */,
			);
			name = Main.storyboard;
			sourceTree = "<group>";
		};
		DFD9F51E249A5B4E009B2947 /* LaunchScreen.storyboard */ = {
			isa = PBXVariantGroup;
			children = (
				DFD9F51F249A5B4E009B2947 /* Base */,
			);
			name = LaunchScreen.storyboard;
			sourceTree = "<group>";
		};
/* End PBXVariantGroup section */

/* Begin XCBuildConfiguration section */
		DFD9F524249A5B4E009B2947 /* Debug */ = {
			isa = XCBuildConfiguration;
			buildSettings = {
				ALWAYS_SEARCH_USER_PATHS = NO;
				CLANG_ANALYZER_NONNULL = YES;
				CLANG_ANALYZER_NUMBER_OBJECT_CONVERSION = YES_AGGRESSIVE;
				CLANG_CXX_LANGUAGE_STANDARD = "gnu++14";
				CLANG_CXX_LIBRARY = "libc++";
				CLANG_ENABLE_MODULES = YES;
				CLANG_ENABLE_OBJC_ARC = YES;
				CLANG_ENABLE_OBJC_WEAK = YES;
				CLANG_WARN_BLOCK_CAPTURE_AUTORELEASING = YES;
				CLANG_WARN_BOOL_CONVERSION = YES;
				CLANG_WARN_COMMA = YES;
				CLANG_WARN_CONSTANT_CONVERSION = YES;
				CLANG_WARN_DEPRECATED_OBJC_IMPLEMENTATIONS = YES;
				CLANG_WARN_DIRECT_OBJC_ISA_USAGE = YES_ERROR;
				CLANG_WARN_DOCUMENTATION_COMMENTS = YES;
				CLANG_WARN_EMPTY_BODY = YES;
				CLANG_WARN_ENUM_CONVERSION = YES;
				CLANG_WARN_INFINITE_RECURSION = YES;
				CLANG_WARN_INT_CONVERSION = YES;
				CLANG_WARN_NON_LITERAL_NULL_CONVERSION = YES;
				CLANG_WARN_OBJC_IMPLICIT_RETAIN_SELF = YES;
				CLANG_WARN_OBJC_LITERAL_CONVERSION = YES;
				CLANG_WARN_OBJC_ROOT_CLASS = YES_ERROR;
				CLANG_WARN_RANGE_LOOP_ANALYSIS = YES;
				CLANG_WARN_STRICT_PROTOTYPES = YES;
				CLANG_WARN_SUSPICIOUS_MOVE = YES;
				CLANG_WARN_UNGUARDED_AVAILABILITY = YES_AGGRESSIVE;
				CLANG_WARN_UNREACHABLE_CODE = YES;
				CLANG_WARN__DUPLICATE_METHOD_MATCH = YES;
				COPY_PHASE_STRIP = NO;
				DEBUG_INFORMATION_FORMAT = dwarf;
				ENABLE_STRICT_OBJC_MSGSEND = YES;
				ENABLE_TESTABILITY = YES;
				GCC_C_LANGUAGE_STANDARD = gnu11;
				GCC_DYNAMIC_NO_PIC = NO;
				GCC_NO_COMMON_BLOCKS = YES;
				GCC_OPTIMIZATION_LEVEL = 0;
				GCC_PREPROCESSOR_DEFINITIONS = (
					"DEBUG=1",
					"$(inherited)",
				);
				GCC_WARN_64_TO_32_BIT_CONVERSION = YES;
				GCC_WARN_ABOUT_RETURN_TYPE = YES_ERROR;
				GCC_WARN_UNDECLARED_SELECTOR = YES;
				GCC_WARN_UNINITIALIZED_AUTOS = YES_AGGRESSIVE;
				GCC_WARN_UNUSED_FUNCTION = YES;
				GCC_WARN_UNUSED_VARIABLE = YES;
				MTL_ENABLE_DEBUG_INFO = INCLUDE_SOURCE;
				MTL_FAST_MATH = YES;
				ONLY_ACTIVE_ARCH = YES;
				SDKROOT = appletvos;
				TVOS_DEPLOYMENT_TARGET = 13.4;
			};
			name = Debug;
		};
		DFD9F525249A5B4E009B2947 /* Release */ = {
			isa = XCBuildConfiguration;
			buildSettings = {
				ALWAYS_SEARCH_USER_PATHS = NO;
				CLANG_ANALYZER_NONNULL = YES;
				CLANG_ANALYZER_NUMBER_OBJECT_CONVERSION = YES_AGGRESSIVE;
				CLANG_CXX_LANGUAGE_STANDARD = "gnu++14";
				CLANG_CXX_LIBRARY = "libc++";
				CLANG_ENABLE_MODULES = YES;
				CLANG_ENABLE_OBJC_ARC = YES;
				CLANG_ENABLE_OBJC_WEAK = YES;
				CLANG_WARN_BLOCK_CAPTURE_AUTORELEASING = YES;
				CLANG_WARN_BOOL_CONVERSION = YES;
				CLANG_WARN_COMMA = YES;
				CLANG_WARN_CONSTANT_CONVERSION = YES;
				CLANG_WARN_DEPRECATED_OBJC_IMPLEMENTATIONS = YES;
				CLANG_WARN_DIRECT_OBJC_ISA_USAGE = YES_ERROR;
				CLANG_WARN_DOCUMENTATION_COMMENTS = YES;
				CLANG_WARN_EMPTY_BODY = YES;
				CLANG_WARN_ENUM_CONVERSION = YES;
				CLANG_WARN_INFINITE_RECURSION = YES;
				CLANG_WARN_INT_CONVERSION = YES;
				CLANG_WARN_NON_LITERAL_NULL_CONVERSION = YES;
				CLANG_WARN_OBJC_IMPLICIT_RETAIN_SELF = YES;
				CLANG_WARN_OBJC_LITERAL_CONVERSION = YES;
				CLANG_WARN_OBJC_ROOT_CLASS = YES_ERROR;
				CLANG_WARN_RANGE_LOOP_ANALYSIS = YES;
				CLANG_WARN_STRICT_PROTOTYPES = YES;
				CLANG_WARN_SUSPICIOUS_MOVE = YES;
				CLANG_WARN_UNGUARDED_AVAILABILITY = YES_AGGRESSIVE;
				CLANG_WARN_UNREACHABLE_CODE = YES;
				CLANG_WARN__DUPLICATE_METHOD_MATCH = YES;
				COPY_PHASE_STRIP = NO;
				DEBUG_INFORMATION_FORMAT = "dwarf-with-dsym";
				ENABLE_NS_ASSERTIONS = NO;
				ENABLE_STRICT_OBJC_MSGSEND = YES;
				GCC_C_LANGUAGE_STANDARD = gnu11;
				GCC_NO_COMMON_BLOCKS = YES;
				GCC_WARN_64_TO_32_BIT_CONVERSION = YES;
				GCC_WARN_ABOUT_RETURN_TYPE = YES_ERROR;
				GCC_WARN_UNDECLARED_SELECTOR = YES;
				GCC_WARN_UNINITIALIZED_AUTOS = YES_AGGRESSIVE;
				GCC_WARN_UNUSED_FUNCTION = YES;
				GCC_WARN_UNUSED_VARIABLE = YES;
				MTL_ENABLE_DEBUG_INFO = NO;
				MTL_FAST_MATH = YES;
				SDKROOT = appletvos;
				TVOS_DEPLOYMENT_TARGET = 13.4;
				VALIDATE_PRODUCT = YES;
			};
			name = Release;
		};
		DFD9F527249A5B4E009B2947 /* Debug */ = {
			isa = XCBuildConfiguration;
			buildSettings = {
				ASSETCATALOG_COMPILER_APPICON_NAME = "App Icon & Top Shelf Image";
				CODE_SIGN_STYLE = Automatic;
				DEVELOPMENT_TEAM = H4W33TQ9LP;
				INFOPLIST_FILE = "PLCR-tvos/Info.plist";
				LD_RUNPATH_SEARCH_PATHS = (
					"$(inherited)",
					"@executable_path/Frameworks",
				);
				PRODUCT_BUNDLE_IDENTIFIER = "com.plcr.PLCR-tvos";
				PRODUCT_NAME = "$(TARGET_NAME)";
				TARGETED_DEVICE_FAMILY = 3;
			};
			name = Debug;
		};
		DFD9F528249A5B4E009B2947 /* Release */ = {
			isa = XCBuildConfiguration;
			buildSettings = {
				ASSETCATALOG_COMPILER_APPICON_NAME = "App Icon & Top Shelf Image";
				CODE_SIGN_STYLE = Automatic;
				DEVELOPMENT_TEAM = H4W33TQ9LP;
				INFOPLIST_FILE = "PLCR-tvos/Info.plist";
				LD_RUNPATH_SEARCH_PATHS = (
					"$(inherited)",
					"@executable_path/Frameworks",
				);
				PRODUCT_BUNDLE_IDENTIFIER = "com.plcr.PLCR-tvos";
				PRODUCT_NAME = "$(TARGET_NAME)";
				TARGETED_DEVICE_FAMILY = 3;
			};
			name = Release;
		};
/* End XCBuildConfiguration section */

/* Begin XCConfigurationList section */
		DFD9F50B249A5B4C009B2947 /* Build configuration list for PBXProject "PLCR-tvos" */ = {
			isa = XCConfigurationList;
			buildConfigurations = (
				DFD9F524249A5B4E009B2947 /* Debug */,
				DFD9F525249A5B4E009B2947 /* Release */,
			);
			defaultConfigurationIsVisible = 0;
			defaultConfigurationName = Release;
		};
		DFD9F526249A5B4E009B2947 /* Build configuration list for PBXNativeTarget "PLCR-tvos" */ = {
			isa = XCConfigurationList;
			buildConfigurations = (
				DFD9F527249A5B4E009B2947 /* Debug */,
				DFD9F528249A5B4E009B2947 /* Release */,
			);
			defaultConfigurationIsVisible = 0;
			defaultConfigurationName = Release;
		};
/* End XCConfigurationList section */
	};
	rootObject = DFD9F508249A5B4C009B2947 /* Project object */;
}
